
Microsoft Visual Studio Solution File, Format Version 12.00
# Visual Studio Version 17
VisualStudioVersion = 17.14.36915.13 d17.14
MinimumVisualStudioVersion = 10.0.40219.1
Project("{FAE04EC0-301F-11D3-BF4B-00C04F79EFBC}") = "ProjetoPericiaContabil", "ProjetoPericiaContabil\ProjetoPericiaContabil.csproj", "{4C8B598E-EBA2-4A77-9390-B8A93D54C431}"
EndProject
Global
	GlobalSection(SolutionConfigurationPlatforms) = preSolution
		Debug|Any CPU = Debug|Any CPU
		Release|Any CPU = Release|Any CPU
	EndGlobalSection
	GlobalSection(ProjectConfigurationPlatforms) = postSolution
		{4C8B598E-EBA2-4A77-9390-B8A93D54C431}.Debug|Any CPU.ActiveCfg = Debug|Any CPU
		{4C8B598E-EBA2-4A77-9390-B8A93D54C431}.Debug|Any CPU.Build.0 = Debug|Any CPU
		{4C8B598E-EBA2-4A77-9390-B8A93D54C431}.Release|Any CPU.ActiveCfg = Release|Any CPU
		{4C8B598E-EBA2-4A77-9390-B8A93D54C431}.Release|Any CPU.Build.0 = Release|Any CPU
	EndGlobalSection
	GlobalSection(SolutionProperties) = preSolution
		HideSolutionNode = FALSE
	EndGlobalSection
	GlobalSection(ExtensibilityGlobals) = postSolution
		SolutionGuid = {9AADBCB3-A081-4DD8-9082-DFF0206FC9E7}
	EndGlobalSection
EndGlobal
